
Microsoft Visual Studio Solution File, Format Version 12.00
# Visual Studio Version 17
VisualStudioVersion = 17.9.34701.34
MinimumVisualStudioVersion = 10.0.40219.1
Project("{FAE04EC0-301F-11D3-BF4B-00C04F79EFBC}") = "Lab02-01", "Lab02-01\Lab02-01.csproj", "{E14E414D-FB6C-4630-AFF7-015606815C0D}"
EndProject
Project("{FAE04EC0-301F-11D3-BF4B-00C04F79EFBC}") = "Lab02-02", "Lab02-02\Lab02-02.csproj", "{63BAD1BE-A05D-4564-927A-E3E4CDEE66FA}"
EndProject
Project("{FAE04EC0-301F-11D3-BF4B-00C04F79EFBC}") = "Lab02-03", "Lab02-03\Lab02-03.csproj", "{8EA27E8A-BFC9-4704-960F-BCFC29DC0FCF}"
EndProject
Project("{FAE04EC0-301F-11D3-BF4B-00C04F79EFBC}") = "Lab02-04", "Lab02-04\Lab02-04.csproj", "{282380F4-C6DD-417B-9275-6E19D7DE7325}"
EndProject
Global
	GlobalSection(SolutionConfigurationPlatforms) = preSolution
		Debug|Any CPU = Debug|Any CPU
		Release|Any CPU = Release|Any CPU
	EndGlobalSection
	GlobalSection(ProjectConfigurationPlatforms) = postSolution
		{E14E414D-FB6C-4630-AFF7-015606815C0D}.Debug|Any CPU.ActiveCfg = Debug|Any CPU
		{E14E414D-FB6C-4630-AFF7-015606815C0D}.Debug|Any CPU.Build.0 = Debug|Any CPU
		{E14E414D-FB6C-4630-AFF7-015606815C0D}.Release|Any CPU.ActiveCfg = Release|Any CPU
		{E14E414D-FB6C-4630-AFF7-015606815C0D}.Release|Any CPU.Build.0 = Release|Any CPU
		{63BAD1BE-A05D-4564-927A-E3E4CDEE66FA}.Debug|Any CPU.ActiveCfg = Debug|Any CPU
		{63BAD1BE-A05D-4564-927A-E3E4CDEE66FA}.Debug|Any CPU.Build.0 = Debug|Any CPU
		{63BAD1BE-A05D-4564-927A-E3E4CDEE66FA}.Release|Any CPU.ActiveCfg = Release|Any CPU
		{63BAD1BE-A05D-4564-927A-E3E4CDEE66FA}.Release|Any CPU.Build.0 = Release|Any CPU
		{8EA27E8A-BFC9-4704-960F-BCFC29DC0FCF}.Debug|Any CPU.ActiveCfg = Debug|Any CPU
		{8EA27E8A-BFC9-4704-960F-BCFC29DC0FCF}.Debug|Any CPU.Build.0 = Debug|Any CPU
		{8EA27E8A-BFC9-4704-960F-BCFC29DC0FCF}.Release|Any CPU.ActiveCfg = Release|Any CPU
		{8EA27E8A-BFC9-4704-960F-BCFC29DC0FCF}.Release|Any CPU.Build.0 = Release|Any CPU
		{282380F4-C6DD-417B-9275-6E19D7DE7325}.Debug|Any CPU.ActiveCfg = Debug|Any CPU
		{282380F4-C6DD-417B-9275-6E19D7DE7325}.Debug|Any CPU.Build.0 = Debug|Any CPU
		{282380F4-C6DD-417B-9275-6E19D7DE7325}.Release|Any CPU.ActiveCfg = Release|Any CPU
		{282380F4-C6DD-417B-9275-6E19D7DE7325}.Release|Any CPU.Build.0 = Release|Any CPU
	EndGlobalSection
	GlobalSection(SolutionProperties) = preSolution
		HideSolutionNode = FALSE
	EndGlobalSection
	GlobalSection(ExtensibilityGlobals) = postSolution
		SolutionGuid = {69E1A7B6-F7F9-4AEE-BDDD-F238B474D240}
	EndGlobalSection
EndGlobal
